# This file is automatically @generated by Cargo.
# It is not intended for manual editing.
version = 3

[[package]]
name = "autocfg"
version = "1.1.0"
source = "registry+https://github.com/rust-lang/crates.io-index"
checksum = "d468802bab17cbc0cc575e9b053f41e72aa36bfa6b7f55e3529ffa43161b97fa"

[[package]]
name = "bitflags"
version = "1.3.2"
source = "registry+https://github.com/rust-lang/crates.io-index"
checksum = "bef38d45163c2f1dde094a7dfd33ccf595c92905c8f8f4fdc18d06fb1037718a"

[[package]]
name = "block"
version = "0.1.6"
source = "registry+https://github.com/rust-lang/crates.io-index"
checksum = "0d8c1fef690941d3e7788d328517591fecc684c084084702d6ff1641e993699a"

[[package]]
name = "cc"
version = "1.0.82"
source = "registry+https://github.com/rust-lang/crates.io-index"
checksum = "305fe645edc1442a0fa8b6726ba61d422798d37a52e12eaecf4b022ebbb88f01"
dependencies = [
 "libc",
]

[[package]]
name = "cfg-if"
version = "1.0.0"
source = "registry+https://github.com/rust-lang/crates.io-index"
checksum = "baf1de4339761588bc0619e3cbc0120ee582ebb74b53b4efbf79117bd2da40fd"

[[package]]
name = "dbus"
version = "0.9.7"
source = "registry+https://github.com/rust-lang/crates.io-index"
checksum = "1bb21987b9fb1613058ba3843121dd18b163b254d8a6e797e144cbac14d96d1b"
dependencies = [
 "libc",
 "libdbus-sys",
 "winapi",
]

[[package]]
name = "deranged"
version = "0.3.7"
source = "registry+https://github.com/rust-lang/crates.io-index"
checksum = "7684a49fb1af197853ef7b2ee694bc1f5b4179556f1e5710e1760c5db6f5e929"

[[package]]
name = "dirs-next"
version = "2.0.0"
source = "registry+https://github.com/rust-lang/crates.io-index"
checksum = "b98cf8ebf19c3d1b223e151f99a4f9f0690dca41414773390fc824184ac833e1"
dependencies = [
 "cfg-if",
 "dirs-sys-next",
]

[[package]]
name = "dirs-sys-next"
version = "0.1.2"
source = "registry+https://github.com/rust-lang/crates.io-index"
checksum = "4ebda144c4fe02d1f7ea1a7d9641b6fc6b580adcfa024ae48797ecdeb6825b4d"
dependencies = [
 "libc",
 "redox_users",
 "winapi",
]

[[package]]
name = "dlib"
version = "0.5.2"
source = "registry+https://github.com/rust-lang/crates.io-index"
checksum = "330c60081dcc4c72131f8eb70510f1ac07223e5d4163db481a04a0befcffa412"
dependencies = [
 "libloading",
]

[[package]]
name = "downcast-rs"
version = "1.2.0"
source = "registry+https://github.com/rust-lang/crates.io-index"
checksum = "9ea835d29036a4087793836fa931b08837ad5e957da9e23886b29586fb9b6650"

[[package]]
name = "equivalent"
version = "1.0.1"
source = "registry+https://github.com/rust-lang/crates.io-index"
checksum = "5443807d6dff69373d433ab9ef5378ad8df50ca6298caf15de6e52e24aaf54d5"

[[package]]
name = "gcd"
version = "2.3.0"
source = "registry+https://github.com/rust-lang/crates.io-index"
checksum = "1d758ba1b47b00caf47f24925c0074ecb20d6dfcffe7f6d53395c0465674841a"

[[package]]
name = "getrandom"
version = "0.2.10"
source = "registry+https://github.com/rust-lang/crates.io-index"
checksum = "be4136b2a15dd319360be1c07d9933517ccf0be8f16bf62a3bee4f0d618df427"
dependencies = [
 "cfg-if",
 "libc",
 "wasi",
]

[[package]]
name = "hashbrown"
version = "0.14.0"
source = "registry+https://github.com/rust-lang/crates.io-index"
checksum = "2c6201b9ff9fd90a5a3bac2e56a830d0caa509576f0e503818ee82c181b3437a"

[[package]]
name = "hermit-abi"
version = "0.3.2"
source = "registry+https://github.com/rust-lang/crates.io-index"
checksum = "443144c8cdadd93ebf52ddb4056d257f5b52c04d3c804e657d19eb73fc33668b"

[[package]]
name = "ianny"
version = "0.1.0-alpha.1"
dependencies = [
 "gcd",
 "notify-rust",
 "serde",
 "single-instance",
 "toml",
 "wayland-client",
 "wayland-protocols",
 "wayland-protocols-plasma",
 "xdg",
]

[[package]]
name = "indexmap"
version = "2.0.0"
source = "registry+https://github.com/rust-lang/crates.io-index"
checksum = "d5477fe2230a79769d8dc68e0eabf5437907c0457a5614a9e8dddb67f65eb65d"
dependencies = [
 "equivalent",
 "hashbrown",
]

[[package]]
name = "io-lifetimes"
version = "1.0.11"
source = "registry+https://github.com/rust-lang/crates.io-index"
checksum = "eae7b9aee968036d54dce06cebaefd919e4472e753296daccd6d344e3e2df0c2"
dependencies = [
 "hermit-abi",
 "libc",
 "windows-sys",
]

[[package]]
name = "libc"
version = "0.2.147"
source = "registry+https://github.com/rust-lang/crates.io-index"
checksum = "b4668fb0ea861c1df094127ac5f1da3409a82116a4ba74fca2e58ef927159bb3"

[[package]]
name = "libdbus-sys"
version = "0.2.5"
source = "registry+https://github.com/rust-lang/crates.io-index"
checksum = "06085512b750d640299b79be4bad3d2fa90a9c00b1fd9e1b46364f66f0485c72"
dependencies = [
 "pkg-config",
]

[[package]]
name = "libloading"
version = "0.8.0"
source = "registry+https://github.com/rust-lang/crates.io-index"
checksum = "d580318f95776505201b28cf98eb1fa5e4be3b689633ba6a3e6cd880ff22d8cb"
dependencies = [
 "cfg-if",
 "windows-sys",
]

[[package]]
name = "log"
version = "0.4.20"
source = "registry+https://github.com/rust-lang/crates.io-index"
checksum = "b5e6163cb8c49088c2c36f57875e58ccd8c87c7427f7fbd50ea6710b2f3f2e8f"

[[package]]
name = "mac-notification-sys"
version = "0.5.9"
source = "registry+https://github.com/rust-lang/crates.io-index"
checksum = "9402858e87f85f88bf518bd2e68450640df1c99b1ddb3ea28c4d5d823bb54cdd"
dependencies = [
 "cc",
 "dirs-next",
 "objc-foundation",
 "objc_id",
 "time",
]

[[package]]
name = "malloc_buf"
version = "0.0.6"
source = "registry+https://github.com/rust-lang/crates.io-index"
checksum = "62bb907fe88d54d8d9ce32a3cceab4218ed2f6b7d35617cafe9adf84e43919cb"
dependencies = [
 "libc",
]

[[package]]
name = "memchr"
version = "2.5.0"
source = "registry+https://github.com/rust-lang/crates.io-index"
checksum = "2dffe52ecf27772e601905b7522cb4ef790d2cc203488bbd0e2fe85fcb74566d"

[[package]]
name = "memoffset"
version = "0.6.5"
source = "registry+https://github.com/rust-lang/crates.io-index"
checksum = "5aa361d4faea93603064a027415f07bd8e1d5c88c9fbf68bf56a285428fd79ce"
dependencies = [
 "autocfg",
]

[[package]]
name = "memoffset"
version = "0.7.1"
source = "registry+https://github.com/rust-lang/crates.io-index"
checksum = "5de893c32cde5f383baa4c04c5d6dbdd735cfd4a794b0debdb2bb1b421da5ff4"
dependencies = [
 "autocfg",
]

[[package]]
name = "nix"
version = "0.23.2"
source = "registry+https://github.com/rust-lang/crates.io-index"
checksum = "8f3790c00a0150112de0f4cd161e3d7fc4b2d8a5542ffc35f099a2562aecb35c"
dependencies = [
 "bitflags",
 "cc",
 "cfg-if",
 "libc",
 "memoffset 0.6.5",
]

[[package]]
name = "nix"
version = "0.26.2"
source = "registry+https://github.com/rust-lang/crates.io-index"
checksum = "bfdda3d196821d6af13126e40375cdf7da646a96114af134d5f417a9a1dc8e1a"
dependencies = [
 "bitflags",
 "cfg-if",
 "libc",
 "memoffset 0.7.1",
 "static_assertions",
]

[[package]]
name = "notify-rust"
version = "4.8.0"
source = "registry+https://github.com/rust-lang/crates.io-index"
checksum = "2bfa211d18e360f08e36c364308f394b5eb23a6629150690e109a916dc6f610e"
dependencies = [
 "dbus",
 "log",
 "mac-notification-sys",
 "tauri-winrt-notification",
]

[[package]]
name = "objc"
version = "0.2.7"
source = "registry+https://github.com/rust-lang/crates.io-index"
checksum = "915b1b472bc21c53464d6c8461c9d3af805ba1ef837e1cac254428f4a77177b1"
dependencies = [
 "malloc_buf",
]

[[package]]
name = "objc-foundation"
version = "0.1.1"
source = "registry+https://github.com/rust-lang/crates.io-index"
checksum = "1add1b659e36c9607c7aab864a76c7a4c2760cd0cd2e120f3fb8b952c7e22bf9"
dependencies = [
 "block",
 "objc",
 "objc_id",
]

[[package]]
name = "objc_id"
version = "0.1.1"
source = "registry+https://github.com/rust-lang/crates.io-index"
checksum = "c92d4ddb4bd7b50d730c215ff871754d0da6b2178849f8a2a2ab69712d0c073b"
dependencies = [
 "objc",
]

[[package]]
name = "pkg-config"
version = "0.3.27"
source = "registry+https://github.com/rust-lang/crates.io-index"
checksum = "26072860ba924cbfa98ea39c8c19b4dd6a4a25423dbdf219c1eca91aa0cf6964"

[[package]]
name = "proc-macro2"
version = "1.0.66"
source = "registry+https://github.com/rust-lang/crates.io-index"
checksum = "18fb31db3f9bddb2ea821cde30a9f70117e3f119938b5ee630b7403aa6e2ead9"
dependencies = [
 "unicode-ident",
]

[[package]]
name = "quick-xml"
version = "0.23.1"
source = "registry+https://github.com/rust-lang/crates.io-index"
checksum = "11bafc859c6815fbaffbbbf4229ecb767ac913fecb27f9ad4343662e9ef099ea"
dependencies = [
 "memchr",
]

[[package]]
name = "quick-xml"
version = "0.28.2"
source = "registry+https://github.com/rust-lang/crates.io-index"
checksum = "0ce5e73202a820a31f8a0ee32ada5e21029c81fd9e3ebf668a40832e4219d9d1"
dependencies = [
 "memchr",
]

[[package]]
name = "quote"
version = "1.0.32"
source = "registry+https://github.com/rust-lang/crates.io-index"
checksum = "50f3b39ccfb720540debaa0164757101c08ecb8d326b15358ce76a62c7e85965"
dependencies = [
 "proc-macro2",
]

[[package]]
name = "redox_syscall"
version = "0.2.16"
source = "registry+https://github.com/rust-lang/crates.io-index"
checksum = "fb5a58c1855b4b6819d59012155603f0b22ad30cad752600aadfcb695265519a"
dependencies = [
 "bitflags",
]

[[package]]
name = "redox_users"
version = "0.4.3"
source = "registry+https://github.com/rust-lang/crates.io-index"
checksum = "b033d837a7cf162d7993aded9304e30a83213c648b6e389db233191f891e5c2b"
dependencies = [
 "getrandom",
 "redox_syscall",
 "thiserror",
]

[[package]]
name = "scoped-tls"
version = "1.0.1"
source = "registry+https://github.com/rust-lang/crates.io-index"
checksum = "e1cf6437eb19a8f4a6cc0f7dca544973b0b78843adbfeb3683d1a94a0024a294"

[[package]]
name = "serde"
version = "1.0.183"
source = "registry+https://github.com/rust-lang/crates.io-index"
checksum = "32ac8da02677876d532745a130fc9d8e6edfa81a269b107c5b00829b91d8eb3c"
dependencies = [
 "serde_derive",
]

[[package]]
name = "serde_derive"
version = "1.0.183"
source = "registry+https://github.com/rust-lang/crates.io-index"
checksum = "aafe972d60b0b9bee71a91b92fee2d4fb3c9d7e8f6b179aa99f27203d99a4816"
dependencies = [
 "proc-macro2",
 "quote",
 "syn",
]

[[package]]
name = "serde_spanned"
version = "0.6.3"
source = "registry+https://github.com/rust-lang/crates.io-index"
checksum = "96426c9936fd7a0124915f9185ea1d20aa9445cc9821142f0a73bc9207a2e186"
dependencies = [
 "serde",
]

[[package]]
name = "single-instance"
version = "0.3.3"
source = "registry+https://github.com/rust-lang/crates.io-index"
checksum = "4637485391f8545c9d3dbf60f9d9aab27a90c789a700999677583bcb17c8795d"
dependencies = [
 "libc",
 "nix 0.23.2",
 "thiserror",
 "widestring",
 "winapi",
]

[[package]]
name = "smallvec"
version = "1.11.0"
source = "registry+https://github.com/rust-lang/crates.io-index"
checksum = "62bb4feee49fdd9f707ef802e22365a35de4b7b299de4763d44bfea899442ff9"

[[package]]
name = "static_assertions"
version = "1.1.0"
source = "registry+https://github.com/rust-lang/crates.io-index"
checksum = "a2eb9349b6444b326872e140eb1cf5e7c522154d69e7a0ffb0fb81c06b37543f"

[[package]]
name = "syn"
version = "2.0.28"
source = "registry+https://github.com/rust-lang/crates.io-index"
checksum = "04361975b3f5e348b2189d8dc55bc942f278b2d482a6a0365de5bdd62d351567"
dependencies = [
 "proc-macro2",
 "quote",
 "unicode-ident",
]

[[package]]
name = "tauri-winrt-notification"
version = "0.1.2"
source = "registry+https://github.com/rust-lang/crates.io-index"
checksum = "4f5bff1d532fead7c43324a0fa33643b8621a47ce2944a633be4cb6c0240898f"
dependencies = [
 "quick-xml 0.23.1",
 "windows",
]

[[package]]
name = "thiserror"
version = "1.0.46"
source = "registry+https://github.com/rust-lang/crates.io-index"
checksum = "d9207952ae1a003f42d3d5e892dac3c6ba42aa6ac0c79a6a91a2b5cb4253e75c"
dependencies = [
 "thiserror-impl",
]

[[package]]
name = "thiserror-impl"
version = "1.0.46"
source = "registry+https://github.com/rust-lang/crates.io-index"
checksum = "f1728216d3244de4f14f14f8c15c79be1a7c67867d28d69b719690e2a19fb445"
dependencies = [
 "proc-macro2",
 "quote",
 "syn",
]

[[package]]
name = "time"
version = "0.3.25"
source = "registry+https://github.com/rust-lang/crates.io-index"
checksum = "b0fdd63d58b18d663fbdf70e049f00a22c8e42be082203be7f26589213cd75ea"
dependencies = [
 "deranged",
 "serde",
 "time-core",
]

[[package]]
name = "time-core"
version = "0.1.1"
source = "registry+https://github.com/rust-lang/crates.io-index"
checksum = "7300fbefb4dadc1af235a9cef3737cea692a9d97e1b9cbcd4ebdae6f8868e6fb"

[[package]]
name = "toml"
version = "0.7.6"
source = "registry+https://github.com/rust-lang/crates.io-index"
checksum = "c17e963a819c331dcacd7ab957d80bc2b9a9c1e71c804826d2f283dd65306542"
dependencies = [
 "serde",
 "serde_spanned",
 "toml_datetime",
 "toml_edit",
]

[[package]]
name = "toml_datetime"
version = "0.6.3"
source = "registry+https://github.com/rust-lang/crates.io-index"
checksum = "7cda73e2f1397b1262d6dfdcef8aafae14d1de7748d66822d3bfeeb6d03e5e4b"
dependencies = [
 "serde",
]

[[package]]
name = "toml_edit"
version = "0.19.14"
source = "registry+https://github.com/rust-lang/crates.io-index"
checksum = "f8123f27e969974a3dfba720fdb560be359f57b44302d280ba72e76a74480e8a"
dependencies = [
 "indexmap",
 "serde",
 "serde_spanned",
 "toml_datetime",
 "winnow",
]

[[package]]
name = "unicode-ident"
version = "1.0.11"
source = "registry+https://github.com/rust-lang/crates.io-index"
checksum = "301abaae475aa91687eb82514b328ab47a211a533026cb25fc3e519b86adfc3c"

[[package]]
name = "wasi"
version = "0.11.0+wasi-snapshot-preview1"
source = "registry+https://github.com/rust-lang/crates.io-index"
checksum = "9c8d87e72b64a3b4db28d11ce29237c246188f4f51057d65a7eab63b7987e423"

[[package]]
name = "wayland-backend"
version = "0.1.2"
source = "registry+https://github.com/rust-lang/crates.io-index"
checksum = "41b48e27457e8da3b2260ac60d0a94512f5cba36448679f3747c0865b7893ed8"
dependencies = [
 "cc",
 "downcast-rs",
 "io-lifetimes",
 "nix 0.26.2",
 "scoped-tls",
 "smallvec",
 "wayland-sys",
]

[[package]]
name = "wayland-client"
version = "0.30.2"
source = "registry+https://github.com/rust-lang/crates.io-index"
checksum = "489c9654770f674fc7e266b3c579f4053d7551df0ceb392f153adb1f9ed06ac8"
dependencies = [
 "bitflags",
 "nix 0.26.2",
 "wayland-backend",
 "wayland-scanner",
]

[[package]]
name = "wayland-protocols"
version = "0.30.1"
source = "registry+https://github.com/rust-lang/crates.io-index"
checksum = "3b28101e5ca94f70461a6c2d610f76d85ad223d042dd76585ab23d3422dd9b4d"
dependencies = [
 "bitflags",
 "wayland-backend",
 "wayland-client",
 "wayland-scanner",
]

[[package]]
name = "wayland-protocols-plasma"
version = "0.1.0"
source = "registry+https://github.com/rust-lang/crates.io-index"
checksum = "1890b691b97cc8485c0c2b05791af10ee4cdec9773bb60f1c1aa958b9db00ae4"
dependencies = [
 "bitflags",
 "wayland-backend",
 "wayland-client",
 "wayland-protocols",
 "wayland-scanner",
]

[[package]]
name = "wayland-scanner"
version = "0.30.1"
source = "registry+https://github.com/rust-lang/crates.io-index"
checksum = "b9b873b257fbc32ec909c0eb80dea312076a67014e65e245f5eb69a6b8ab330e"
dependencies = [
 "proc-macro2",
 "quick-xml 0.28.2",
 "quote",
]

[[package]]
name = "wayland-sys"
version = "0.30.1"
source = "registry+https://github.com/rust-lang/crates.io-index"
checksum = "96b2a02ac608e07132978689a6f9bf4214949c85998c247abadd4f4129b1aa06"
dependencies = [
 "dlib",
 "log",
 "pkg-config",
]

[[package]]
name = "widestring"
version = "0.4.3"
source = "registry+https://github.com/rust-lang/crates.io-index"
checksum = "c168940144dd21fd8046987c16a46a33d5fc84eec29ef9dcddc2ac9e31526b7c"

[[package]]
name = "winapi"
version = "0.3.9"
source = "registry+https://github.com/rust-lang/crates.io-index"
checksum = "5c839a674fcd7a98952e593242ea400abe93992746761e38641405d28b00f419"
dependencies = [
 "winapi-i686-pc-windows-gnu",
 "winapi-x86_64-pc-windows-gnu",
]

[[package]]
name = "winapi-i686-pc-windows-gnu"
version = "0.4.0"
source = "registry+https://github.com/rust-lang/crates.io-index"
checksum = "ac3b87c63620426dd9b991e5ce0329eff545bccbbb34f3be09ff6fb6ab51b7b6"

[[package]]
name = "winapi-x86_64-pc-windows-gnu"
version = "0.4.0"
source = "registry+https://github.com/rust-lang/crates.io-index"
checksum = "712e227841d057c1ee1cd2fb22fa7e5a5461ae8e48fa2ca79ec42cfc1931183f"

[[package]]
name = "windows"
version = "0.39.0"
source = "registry+https://github.com/rust-lang/crates.io-index"
checksum = "f1c4bd0a50ac6020f65184721f758dba47bb9fbc2133df715ec74a237b26794a"
dependencies = [
 "windows_aarch64_msvc 0.39.0",
 "windows_i686_gnu 0.39.0",
 "windows_i686_msvc 0.39.0",
 "windows_x86_64_gnu 0.39.0",
 "windows_x86_64_msvc 0.39.0",
]

[[package]]
name = "windows-sys"
version = "0.48.0"
source = "registry+https://github.com/rust-lang/crates.io-index"
checksum = "677d2418bec65e3338edb076e806bc1ec15693c5d0104683f2efe857f61056a9"
dependencies = [
 "windows-targets",
]

[[package]]
name = "windows-targets"
version = "0.48.2"
source = "registry+https://github.com/rust-lang/crates.io-index"
checksum = "d1eeca1c172a285ee6c2c84c341ccea837e7c01b12fbb2d0fe3c9e550ce49ec8"
dependencies = [
 "windows_aarch64_gnullvm",
 "windows_aarch64_msvc 0.48.2",
 "windows_i686_gnu 0.48.2",
 "windows_i686_msvc 0.48.2",
 "windows_x86_64_gnu 0.48.2",
 "windows_x86_64_gnullvm",
 "windows_x86_64_msvc 0.48.2",
]

[[package]]
name = "windows_aarch64_gnullvm"
version = "0.48.2"
source = "registry+https://github.com/rust-lang/crates.io-index"
checksum = "b10d0c968ba7f6166195e13d593af609ec2e3d24f916f081690695cf5eaffb2f"

[[package]]
name = "windows_aarch64_msvc"
version = "0.39.0"
source = "registry+https://github.com/rust-lang/crates.io-index"
checksum = "ec7711666096bd4096ffa835238905bb33fb87267910e154b18b44eaabb340f2"

[[package]]
name = "windows_aarch64_msvc"
version = "0.48.2"
source = "registry+https://github.com/rust-lang/crates.io-index"
checksum = "571d8d4e62f26d4932099a9efe89660e8bd5087775a2ab5cdd8b747b811f1058"

[[package]]
name = "windows_i686_gnu"
version = "0.39.0"
source = "registry+https://github.com/rust-lang/crates.io-index"
checksum = "763fc57100a5f7042e3057e7e8d9bdd7860d330070251a73d003563a3bb49e1b"

[[package]]
name = "windows_i686_gnu"
version = "0.48.2"
source = "registry+https://github.com/rust-lang/crates.io-index"
checksum = "2229ad223e178db5fbbc8bd8d3835e51e566b8474bfca58d2e6150c48bb723cd"

[[package]]
name = "windows_i686_msvc"
version = "0.39.0"
source = "registry+https://github.com/rust-lang/crates.io-index"
checksum = "7bc7cbfe58828921e10a9f446fcaaf649204dcfe6c1ddd712c5eebae6bda1106"

[[package]]
name = "windows_i686_msvc"
version = "0.48.2"
source = "registry+https://github.com/rust-lang/crates.io-index"
checksum = "600956e2d840c194eedfc5d18f8242bc2e17c7775b6684488af3a9fff6fe3287"

[[package]]
name = "windows_x86_64_gnu"
version = "0.39.0"
source = "registry+https://github.com/rust-lang/crates.io-index"
checksum = "6868c165637d653ae1e8dc4d82c25d4f97dd6605eaa8d784b5c6e0ab2a252b65"

[[package]]
name = "windows_x86_64_gnu"
version = "0.48.2"
source = "registry+https://github.com/rust-lang/crates.io-index"
checksum = "ea99ff3f8b49fb7a8e0d305e5aec485bd068c2ba691b6e277d29eaeac945868a"

[[package]]
name = "windows_x86_64_gnullvm"
version = "0.48.2"
source = "registry+https://github.com/rust-lang/crates.io-index"
checksum = "8f1a05a1ece9a7a0d5a7ccf30ba2c33e3a61a30e042ffd247567d1de1d94120d"

[[package]]
name = "windows_x86_64_msvc"
version = "0.39.0"
source = "registry+https://github.com/rust-lang/crates.io-index"
checksum = "5e4d40883ae9cae962787ca76ba76390ffa29214667a111db9e0a1ad8377e809"

[[package]]
name = "windows_x86_64_msvc"
version = "0.48.2"
source = "registry+https://github.com/rust-lang/crates.io-index"
checksum = "d419259aba16b663966e29e6d7c6ecfa0bb8425818bb96f6f1f3c3eb71a6e7b9"

[[package]]
name = "winnow"
version = "0.5.10"
source = "registry+https://github.com/rust-lang/crates.io-index"
checksum = "5504cc7644f4b593cbc05c4a55bf9bd4e94b867c3c0bd440934174d50482427d"
dependencies = [
 "memchr",
]

[[package]]
name = "xdg"
version = "2.5.2"
source = "registry+https://github.com/rust-lang/crates.io-index"
checksum = "213b7324336b53d2414b2db8537e56544d981803139155afa84f76eeebb7a546"
