# This file is automatically @generated by Cargo.
# It is not intended for manual editing.
version = 3

[[package]]
name = "adler"
version = "1.0.2"
source = "registry+https://github.com/rust-lang/crates.io-index"
checksum = "f26201604c87b1e01bd3d98f8d5d9a8fcbb815e8cedb41ffccbeb4bf593a35fe"

[[package]]
name = "anyhow"
version = "1.0.71"
source = "registry+https://github.com/rust-lang/crates.io-index"
checksum = "9c7d0618f0e0b7e8ff11427422b64564d5fb0be1940354bfe2e0529b18a9d9b8"

[[package]]
name = "async-trait"
version = "0.1.68"
source = "registry+https://github.com/rust-lang/crates.io-index"
checksum = "b9ccdd8f2a161be9bd5c023df56f1b2a0bd1d83872ae53b71a84a12c9bf6e842"
dependencies = [
 "proc-macro2",
 "quote",
 "syn 2.0.18",
]

[[package]]
name = "atk"
version = "0.17.1"
source = "registry+https://github.com/rust-lang/crates.io-index"
checksum = "6ba16453d10c712284061a05f6510f75abeb92b56ba88dfeb48c74775020cc22"
dependencies = [
 "atk-sys",
 "bitflags 1.3.2",
 "glib",
 "libc",
]

[[package]]
name = "atk-sys"
version = "0.17.0"
source = "registry+https://github.com/rust-lang/crates.io-index"
checksum = "e3bf0a7ca572fbd5762fd8f8cd65a581e06767bc1234913fe1f43e370cff6e90"
dependencies = [
 "glib-sys",
 "gobject-sys",
 "libc",
 "system-deps",
]

[[package]]
name = "autocfg"
version = "1.1.0"
source = "registry+https://github.com/rust-lang/crates.io-index"
checksum = "d468802bab17cbc0cc575e9b053f41e72aa36bfa6b7f55e3529ffa43161b97fa"

[[package]]
name = "bitflags"
version = "1.3.2"
source = "registry+https://github.com/rust-lang/crates.io-index"
checksum = "bef38d45163c2f1dde094a7dfd33ccf595c92905c8f8f4fdc18d06fb1037718a"

[[package]]
name = "bitflags"
version = "2.3.1"
source = "registry+https://github.com/rust-lang/crates.io-index"
checksum = "6776fc96284a0bb647b615056fc496d1fe1644a7ab01829818a6d91cae888b84"

[[package]]
name = "bumpalo"
version = "3.13.0"
source = "registry+https://github.com/rust-lang/crates.io-index"
checksum = "a3e2c3daef883ecc1b5d58c15adae93470a91d425f3532ba1695849656af3fc1"

[[package]]
name = "byteorder"
version = "1.4.3"
source = "registry+https://github.com/rust-lang/crates.io-index"
checksum = "14c189c53d098945499cdfa7ecc63567cf3886b3332b312a5b4585d8d3a6a610"

[[package]]
name = "cairo-rs"
version = "0.17.0"
source = "registry+https://github.com/rust-lang/crates.io-index"
checksum = "a8af54f5d48af1226928adc1f57edd22f5df1349e7da1fc96ae15cf43db0e871"
dependencies = [
 "bitflags 1.3.2",
 "cairo-sys-rs",
 "glib",
 "libc",
 "once_cell",
 "thiserror",
]

[[package]]
name = "cairo-sys-rs"
version = "0.17.0"
source = "registry+https://github.com/rust-lang/crates.io-index"
checksum = "f55382a01d30e5e53f185eee269124f5e21ab526595b872751278dfbb463594e"
dependencies = [
 "glib-sys",
 "libc",
 "system-deps",
]

[[package]]
name = "cfg-expr"
version = "0.15.2"
source = "registry+https://github.com/rust-lang/crates.io-index"
checksum = "e70d3ad08698a0568b0562f22710fe6bfc1f4a61a367c77d0398c562eadd453a"
dependencies = [
 "smallvec",
 "target-lexicon",
]

[[package]]
name = "cfg-if"
version = "1.0.0"
source = "registry+https://github.com/rust-lang/crates.io-index"
checksum = "baf1de4339761588bc0619e3cbc0120ee582ebb74b53b4efbf79117bd2da40fd"

[[package]]
name = "crc32fast"
version = "1.3.2"
source = "registry+https://github.com/rust-lang/crates.io-index"
checksum = "b540bd8bc810d3885c6ea91e2018302f68baba2129ab3e88f32389ee9370880d"
dependencies = [
 "cfg-if",
]

[[package]]
name = "field-offset"
version = "0.3.6"
source = "registry+https://github.com/rust-lang/crates.io-index"
checksum = "38e2275cc4e4fc009b0669731a1e5ab7ebf11f469eaede2bab9309a5b4d6057f"
dependencies = [
 "memoffset",
 "rustc_version",
]

[[package]]
name = "flate2"
version = "1.0.26"
source = "registry+https://github.com/rust-lang/crates.io-index"
checksum = "3b9429470923de8e8cbd4d2dc513535400b4b3fef0319fb5c4e1f520a7bef743"
dependencies = [
 "crc32fast",
 "miniz_oxide",
]

[[package]]
name = "flume"
version = "0.10.14"
source = "registry+https://github.com/rust-lang/crates.io-index"
checksum = "1657b4441c3403d9f7b3409e47575237dac27b1b5726df654a6ecbf92f0f7577"
dependencies = [
 "futures-core",
 "futures-sink",
 "nanorand",
 "pin-project",
 "spin",
]

[[package]]
name = "fragile"
version = "2.0.0"
source = "registry+https://github.com/rust-lang/crates.io-index"
checksum = "6c2141d6d6c8512188a7891b4b01590a45f6dac67afb4f255c4124dbb86d4eaa"

[[package]]
name = "futures"
version = "0.3.28"
source = "registry+https://github.com/rust-lang/crates.io-index"
checksum = "23342abe12aba583913b2e62f22225ff9c950774065e4bfb61a19cd9770fec40"
dependencies = [
 "futures-channel",
 "futures-core",
 "futures-executor",
 "futures-io",
 "futures-sink",
 "futures-task",
 "futures-util",
]

[[package]]
name = "futures-channel"
version = "0.3.28"
source = "registry+https://github.com/rust-lang/crates.io-index"
checksum = "955518d47e09b25bbebc7a18df10b81f0c766eaf4c4f1cccef2fca5f2a4fb5f2"
dependencies = [
 "futures-core",
 "futures-sink",
]

[[package]]
name = "futures-core"
version = "0.3.28"
source = "registry+https://github.com/rust-lang/crates.io-index"
checksum = "4bca583b7e26f571124fe5b7561d49cb2868d79116cfa0eefce955557c6fee8c"

[[package]]
name = "futures-executor"
version = "0.3.28"
source = "registry+https://github.com/rust-lang/crates.io-index"
checksum = "ccecee823288125bd88b4d7f565c9e58e41858e47ab72e8ea2d64e93624386e0"
dependencies = [
 "futures-core",
 "futures-task",
 "futures-util",
]

[[package]]
name = "futures-io"
version = "0.3.28"
source = "registry+https://github.com/rust-lang/crates.io-index"
checksum = "4fff74096e71ed47f8e023204cfd0aa1289cd54ae5430a9523be060cdb849964"

[[package]]
name = "futures-macro"
version = "0.3.28"
source = "registry+https://github.com/rust-lang/crates.io-index"
checksum = "89ca545a94061b6365f2c7355b4b32bd20df3ff95f02da9329b34ccc3bd6ee72"
dependencies = [
 "proc-macro2",
 "quote",
 "syn 2.0.18",
]

[[package]]
name = "futures-sink"
version = "0.3.28"
source = "registry+https://github.com/rust-lang/crates.io-index"
checksum = "f43be4fe21a13b9781a69afa4985b0f6ee0e1afab2c6f454a8cf30e2b2237b6e"

[[package]]
name = "futures-task"
version = "0.3.28"
source = "registry+https://github.com/rust-lang/crates.io-index"
checksum = "76d3d132be6c0e6aa1534069c705a74a5997a356c0dc2f86a47765e5617c5b65"

[[package]]
name = "futures-util"
version = "0.3.28"
source = "registry+https://github.com/rust-lang/crates.io-index"
checksum = "26b01e40b772d54cf6c6d721c1d1abd0647a0106a12ecaa1c186273392a69533"
dependencies = [
 "futures-channel",
 "futures-core",
 "futures-io",
 "futures-macro",
 "futures-sink",
 "futures-task",
 "memchr",
 "pin-project-lite",
 "pin-utils",
 "slab",
]

[[package]]
name = "gdk"
version = "0.17.1"
source = "registry+https://github.com/rust-lang/crates.io-index"
checksum = "be1df5ea52cccd7e3a0897338b5564968274b52f5fd12601e0afa44f454c74d3"
dependencies = [
 "bitflags 1.3.2",
 "cairo-rs",
 "gdk-pixbuf",
 "gdk-sys",
 "gio",
 "glib",
 "libc",
 "pango",
]

[[package]]
name = "gdk-pixbuf"
version = "0.17.0"
source = "registry+https://github.com/rust-lang/crates.io-index"
checksum = "b023fbe0c6b407bd3d9805d107d9800da3829dc5a676653210f1d5f16d7f59bf"
dependencies = [
 "bitflags 1.3.2",
 "gdk-pixbuf-sys",
 "gio",
 "glib",
 "libc",
 "once_cell",
]

[[package]]
name = "gdk-pixbuf-sys"
version = "0.17.0"
source = "registry+https://github.com/rust-lang/crates.io-index"
checksum = "7b41bd2b44ed49d99277d3925652a163038bd5ed943ec9809338ffb2f4391e3b"
dependencies = [
 "gio-sys",
 "glib-sys",
 "gobject-sys",
 "libc",
 "system-deps",
]

[[package]]
name = "gdk-sys"
version = "0.17.0"
source = "registry+https://github.com/rust-lang/crates.io-index"
checksum = "2152de9d38bc67a17b3fe49dc0823af5bf874df59ea088c5f28f31cf103de703"
dependencies = [
 "cairo-sys-rs",
 "gdk-pixbuf-sys",
 "gio-sys",
 "glib-sys",
 "gobject-sys",
 "libc",
 "pango-sys",
 "pkg-config",
 "system-deps",
]

[[package]]
name = "gdk4"
version = "0.6.3"
source = "registry+https://github.com/rust-lang/crates.io-index"
checksum = "c3abf96408a26e3eddf881a7f893a1e111767137136e347745e8ea6ed12731ff"
dependencies = [
 "bitflags 1.3.2",
 "cairo-rs",
 "gdk-pixbuf",
 "gdk4-sys",
 "gio",
 "glib",
 "libc",
 "pango",
]

[[package]]
name = "gdk4-sys"
version = "0.6.3"
source = "registry+https://github.com/rust-lang/crates.io-index"
checksum = "1bc92aa1608c089c49393d014c38ac0390d01e4841e1fedaa75dbcef77aaed64"
dependencies = [
 "cairo-sys-rs",
 "gdk-pixbuf-sys",
 "gio-sys",
 "glib-sys",
 "gobject-sys",
 "libc",
 "pango-sys",
 "pkg-config",
 "system-deps",
]

[[package]]
name = "getrandom"
version = "0.2.9"
source = "registry+https://github.com/rust-lang/crates.io-index"
checksum = "c85e1d9ab2eadba7e5040d4e09cbd6d072b76a557ad64e797c2cb9d4da21d7e4"
dependencies = [
 "cfg-if",
 "js-sys",
 "libc",
 "wasi",
 "wasm-bindgen",
]

[[package]]
name = "gio"
version = "0.17.9"
source = "registry+https://github.com/rust-lang/crates.io-index"
checksum = "d14522e56c6bcb6f7a3aebc25cbcfb06776af4c0c25232b601b4383252d7cb92"
dependencies = [
 "bitflags 1.3.2",
 "futures-channel",
 "futures-core",
 "futures-io",
 "futures-util",
 "gio-sys",
 "glib",
 "libc",
 "once_cell",
 "pin-project-lite",
 "smallvec",
 "thiserror",
]

[[package]]
name = "gio-sys"
version = "0.17.4"
source = "registry+https://github.com/rust-lang/crates.io-index"
checksum = "6b1d43b0d7968b48455244ecafe41192871257f5740aa6b095eb19db78e362a5"
dependencies = [
 "glib-sys",
 "gobject-sys",
 "libc",
 "system-deps",
 "winapi",
]

[[package]]
name = "glib"
version = "0.17.9"
source = "registry+https://github.com/rust-lang/crates.io-index"
checksum = "a7f1de7cbde31ea4f0a919453a2dcece5d54d5b70e08f8ad254dc4840f5f09b6"
dependencies = [
 "bitflags 1.3.2",
 "futures-channel",
 "futures-core",
 "futures-executor",
 "futures-task",
 "futures-util",
 "gio-sys",
 "glib-macros",
 "glib-sys",
 "gobject-sys",
 "libc",
 "memchr",
 "once_cell",
 "smallvec",
 "thiserror",
]

[[package]]
name = "glib-macros"
version = "0.17.9"
source = "registry+https://github.com/rust-lang/crates.io-index"
checksum = "0a7206c5c03851ef126ea1444990e81fdd6765fb799d5bc694e4897ca01bb97f"
dependencies = [
 "anyhow",
 "heck",
 "proc-macro-crate",
 "proc-macro-error",
 "proc-macro2",
 "quote",
 "syn 1.0.109",
]

[[package]]
name = "glib-sys"
version = "0.17.4"
source = "registry+https://github.com/rust-lang/crates.io-index"
checksum = "49f00ad0a1bf548e61adfff15d83430941d9e1bb620e334f779edd1c745680a5"
dependencies = [
 "libc",
 "system-deps",
]

[[package]]
name = "gobject-sys"
version = "0.17.4"
source = "registry+https://github.com/rust-lang/crates.io-index"
checksum = "15e75b0000a64632b2d8ca3cf856af9308e3a970844f6e9659bd197f026793d0"
dependencies = [
 "glib-sys",
 "libc",
 "system-deps",
]

[[package]]
name = "graphene-rs"
version = "0.17.1"
source = "registry+https://github.com/rust-lang/crates.io-index"
checksum = "21cf11565bb0e4dfc2f99d4775b6c329f0d40a2cff9c0066214d31a0e1b46256"
dependencies = [
 "glib",
 "graphene-sys",
 "libc",
]

[[package]]
name = "graphene-sys"
version = "0.17.0"
source = "registry+https://github.com/rust-lang/crates.io-index"
checksum = "cf80a4849a8d9565410a8fec6fc3678e9c617f4ac7be182ca55ab75016e07af9"
dependencies = [
 "glib-sys",
 "libc",
 "pkg-config",
 "system-deps",
]

[[package]]
name = "gsk4"
version = "0.6.3"
source = "registry+https://github.com/rust-lang/crates.io-index"
checksum = "6f01ef44fa7cac15e2da9978529383e6bee03e570ba5bf7036b4c10a15cc3a3c"
dependencies = [
 "bitflags 1.3.2",
 "cairo-rs",
 "gdk4",
 "glib",
 "graphene-rs",
 "gsk4-sys",
 "libc",
 "pango",
]

[[package]]
name = "gsk4-sys"
version = "0.6.3"
source = "registry+https://github.com/rust-lang/crates.io-index"
checksum = "c07a84fb4dcf1323d29435aa85e2f5f58bef564342bef06775ec7bd0da1f01b0"
dependencies = [
 "cairo-sys-rs",
 "gdk4-sys",
 "glib-sys",
 "gobject-sys",
 "graphene-sys",
 "libc",
 "pango-sys",
 "system-deps",
]

[[package]]
name = "gtk"
version = "0.17.1"
source = "registry+https://github.com/rust-lang/crates.io-index"
checksum = "b6c4222ab92b08d4d0bab90ddb6185b4e575ceeea8b8cdf00b938d7b6661d966"
dependencies = [
 "atk",
 "bitflags 1.3.2",
 "cairo-rs",
 "field-offset",
 "futures-channel",
 "gdk",
 "gdk-pixbuf",
 "gio",
 "glib",
 "gtk-sys",
 "gtk3-macros",
 "libc",
 "once_cell",
 "pango",
 "pkg-config",
]

[[package]]
name = "gtk-layer-shell"
version = "0.6.1"
source = "registry+https://github.com/rust-lang/crates.io-index"
checksum = "992f5fedb31835424a5280acd162bf348995f617d26969fde8d3dfd389b3ff5f"
dependencies = [
 "bitflags 2.3.1",
 "gdk",
 "glib",
 "glib-sys",
 "gtk",
 "gtk-layer-shell-sys",
 "libc",
]

[[package]]
name = "gtk-layer-shell-sys"
version = "0.6.0"
source = "registry+https://github.com/rust-lang/crates.io-index"
checksum = "5754bcfaadfc3529116af6ae93559b267d88647f965382153a4b8ea9372be75a"
dependencies = [
 "gdk-sys",
 "glib-sys",
 "gtk-sys",
 "libc",
 "system-deps",
]

[[package]]
name = "gtk-sys"
version = "0.17.0"
source = "registry+https://github.com/rust-lang/crates.io-index"
checksum = "4d8eb6a4b93e5a7e6980f7348d08c1cd93d31fae07cf97f20678c5ec41de3d7e"
dependencies = [
 "atk-sys",
 "cairo-sys-rs",
 "gdk-pixbuf-sys",
 "gdk-sys",
 "gio-sys",
 "glib-sys",
 "gobject-sys",
 "libc",
 "pango-sys",
 "system-deps",
]

[[package]]
name = "gtk3-macros"
version = "0.17.1"
source = "registry+https://github.com/rust-lang/crates.io-index"
checksum = "3efb84d682c9a39c10bd9f24f5a4b9c15cc8c7edc45c19cb2ca2c4fc38b2d95e"
dependencies = [
 "anyhow",
 "proc-macro-crate",
 "proc-macro-error",
 "proc-macro2",
 "quote",
 "syn 1.0.109",
]

[[package]]
name = "gtk4"
version = "0.6.6"
source = "registry+https://github.com/rust-lang/crates.io-index"
checksum = "b28a32a04cd75cef14a0983f8b0c669e0fe152a0a7725accdeb594e2c764c88b"
dependencies = [
 "bitflags 1.3.2",
 "cairo-rs",
 "field-offset",
 "futures-channel",
 "gdk-pixbuf",
 "gdk4",
 "gio",
 "glib",
 "graphene-rs",
 "gsk4",
 "gtk4-macros",
 "gtk4-sys",
 "libc",
 "once_cell",
 "pango",
]

[[package]]
name = "gtk4-macros"
version = "0.6.6"
source = "registry+https://github.com/rust-lang/crates.io-index"
checksum = "6a4d6b61570f76d3ee542d984da443b1cd69b6105264c61afec3abed08c2500f"
dependencies = [
 "anyhow",
 "proc-macro-crate",
 "proc-macro-error",
 "proc-macro2",
 "quote",
 "syn 1.0.109",
]

[[package]]
name = "gtk4-sys"
version = "0.6.3"
source = "registry+https://github.com/rust-lang/crates.io-index"
checksum = "5f8283f707b07e019e76c7f2934bdd4180c277e08aa93f4c0d8dd07b7a34e22f"
dependencies = [
 "cairo-sys-rs",
 "gdk-pixbuf-sys",
 "gdk4-sys",
 "gio-sys",
 "glib-sys",
 "gobject-sys",
 "graphene-sys",
 "gsk4-sys",
 "libc",
 "pango-sys",
 "system-deps",
]

[[package]]
name = "gvdb"
version = "0.4.1"
source = "registry+https://github.com/rust-lang/crates.io-index"
checksum = "00421b382029e13501f36b7243dd05c3e7caa92d252790c3492e5fc7caca165b"
dependencies = [
 "byteorder",
 "flate2",
 "lazy_static",
 "memmap2",
 "quick-xml",
 "safe-transmute",
 "serde",
 "serde_json",
 "walkdir",
 "zvariant",
]

[[package]]
name = "hashbrown"
version = "0.12.3"
source = "registry+https://github.com/rust-lang/crates.io-index"
checksum = "8a9ee70c43aaf417c914396645a0fa852624801b24ebb7ae78fe8272889ac888"

[[package]]
name = "heck"
version = "0.4.1"
source = "registry+https://github.com/rust-lang/crates.io-index"
checksum = "95505c38b4572b2d910cecb0281560f54b440a19336cbbcb27bf6ce6adc6f5a8"

[[package]]
name = "hermit-abi"
version = "0.2.6"
source = "registry+https://github.com/rust-lang/crates.io-index"
checksum = "ee512640fe35acbfb4bb779db6f0d80704c2cacfa2e39b601ef3e3f47d1ae4c7"
dependencies = [
 "libc",
]

[[package]]
name = "ianny"
version = "0.1.0-alpha.0"
dependencies = [
 "gtk-layer-shell",
 "libadwaita",
 "relm4",
 "relm4-icons",
]

[[package]]
name = "indexmap"
version = "1.9.3"
source = "registry+https://github.com/rust-lang/crates.io-index"
checksum = "bd070e393353796e801d209ad339e89596eb4c8d430d18ede6a1cced8fafbd99"
dependencies = [
 "autocfg",
 "hashbrown",
]

[[package]]
name = "itoa"
version = "1.0.6"
source = "registry+https://github.com/rust-lang/crates.io-index"
checksum = "453ad9f582a441959e5f0d088b02ce04cfe8d51a8eaf077f12ac6d3e94164ca6"

[[package]]
name = "js-sys"
version = "0.3.63"
source = "registry+https://github.com/rust-lang/crates.io-index"
checksum = "2f37a4a5928311ac501dee68b3c7613a1037d0edb30c8e5427bd832d55d1b790"
dependencies = [
 "wasm-bindgen",
]

[[package]]
name = "lazy_static"
version = "1.4.0"
source = "registry+https://github.com/rust-lang/crates.io-index"
checksum = "e2abad23fbc42b3700f2f279844dc832adb2b2eb069b2df918f455c4e18cc646"

[[package]]
name = "libadwaita"
version = "0.4.3"
source = "registry+https://github.com/rust-lang/crates.io-index"
checksum = "0244f4b13d8c3a8a0f0b86bbc234e2fbba7cfe70b7d14f822e363e5599bb7056"
dependencies = [
 "bitflags 1.3.2",
 "gdk-pixbuf",
 "gdk4",
 "gio",
 "glib",
 "gtk4",
 "libadwaita-sys",
 "libc",
 "pango",
]

[[package]]
name = "libadwaita-sys"
version = "0.4.2"
source = "registry+https://github.com/rust-lang/crates.io-index"
checksum = "5bf83ec83c0fc9449b139c721e6f9958137dd7a1d7d47136e4eec929e3bd5265"
dependencies = [
 "gdk4-sys",
 "gio-sys",
 "glib-sys",
 "gobject-sys",
 "gtk4-sys",
 "libc",
 "pango-sys",
 "system-deps",
]

[[package]]
name = "libc"
version = "0.2.144"
source = "registry+https://github.com/rust-lang/crates.io-index"
checksum = "2b00cc1c228a6782d0f076e7b232802e0c5689d41bb5df366f2a6b6621cfdfe1"

[[package]]
name = "lock_api"
version = "0.4.9"
source = "registry+https://github.com/rust-lang/crates.io-index"
checksum = "435011366fe56583b16cf956f9df0095b405b82d76425bc8981c0e22e60ec4df"
dependencies = [
 "autocfg",
 "scopeguard",
]

[[package]]
name = "log"
version = "0.4.18"
source = "registry+https://github.com/rust-lang/crates.io-index"
checksum = "518ef76f2f87365916b142844c16d8fefd85039bc5699050210a7778ee1cd1de"

[[package]]
name = "memchr"
version = "2.5.0"
source = "registry+https://github.com/rust-lang/crates.io-index"
checksum = "2dffe52ecf27772e601905b7522cb4ef790d2cc203488bbd0e2fe85fcb74566d"

[[package]]
name = "memmap2"
version = "0.5.10"
source = "registry+https://github.com/rust-lang/crates.io-index"
checksum = "83faa42c0a078c393f6b29d5db232d8be22776a891f8f56e5284faee4a20b327"
dependencies = [
 "libc",
]

[[package]]
name = "memoffset"
version = "0.9.0"
source = "registry+https://github.com/rust-lang/crates.io-index"
checksum = "5a634b1c61a95585bd15607c6ab0c4e5b226e695ff2800ba0cdccddf208c406c"
dependencies = [
 "autocfg",
]

[[package]]
name = "miniz_oxide"
version = "0.7.1"
source = "registry+https://github.com/rust-lang/crates.io-index"
checksum = "e7810e0be55b428ada41041c41f32c9f1a42817901b4ccf45fa3d4b6561e74c7"
dependencies = [
 "adler",
]

[[package]]
name = "nanorand"
version = "0.7.0"
source = "registry+https://github.com/rust-lang/crates.io-index"
checksum = "6a51313c5820b0b02bd422f4b44776fbf47961755c74ce64afc73bfad10226c3"
dependencies = [
 "getrandom",
]

[[package]]
name = "num_cpus"
version = "1.15.0"
source = "registry+https://github.com/rust-lang/crates.io-index"
checksum = "0fac9e2da13b5eb447a6ce3d392f23a29d8694bff781bf03a16cd9ac8697593b"
dependencies = [
 "hermit-abi",
 "libc",
]

[[package]]
name = "once_cell"
version = "1.17.2"
source = "registry+https://github.com/rust-lang/crates.io-index"
checksum = "9670a07f94779e00908f3e686eab508878ebb390ba6e604d3a284c00e8d0487b"

[[package]]
name = "pango"
version = "0.17.4"
source = "registry+https://github.com/rust-lang/crates.io-index"
checksum = "52c280b82a881e4208afb3359a8e7fde27a1b272280981f1f34610bed5770d37"
dependencies = [
 "bitflags 1.3.2",
 "gio",
 "glib",
 "libc",
 "once_cell",
 "pango-sys",
]

[[package]]
name = "pango-sys"
version = "0.17.0"
source = "registry+https://github.com/rust-lang/crates.io-index"
checksum = "4293d0f0b5525eb5c24734d30b0ed02cd02aa734f216883f376b54de49625de8"
dependencies = [
 "glib-sys",
 "gobject-sys",
 "libc",
 "system-deps",
]

[[package]]
name = "pin-project"
version = "1.1.0"
source = "registry+https://github.com/rust-lang/crates.io-index"
checksum = "c95a7476719eab1e366eaf73d0260af3021184f18177925b07f54b30089ceead"
dependencies = [
 "pin-project-internal",
]

[[package]]
name = "pin-project-internal"
version = "1.1.0"
source = "registry+https://github.com/rust-lang/crates.io-index"
checksum = "39407670928234ebc5e6e580247dd567ad73a3578460c5990f9503df207e8f07"
dependencies = [
 "proc-macro2",
 "quote",
 "syn 2.0.18",
]

[[package]]
name = "pin-project-lite"
version = "0.2.9"
source = "registry+https://github.com/rust-lang/crates.io-index"
checksum = "e0a7ae3ac2f1173085d398531c705756c94a4c56843785df85a60c1a0afac116"

[[package]]
name = "pin-utils"
version = "0.1.0"
source = "registry+https://github.com/rust-lang/crates.io-index"
checksum = "8b870d8c151b6f2fb93e84a13146138f05d02ed11c7e7c54f8826aaaf7c9f184"

[[package]]
name = "pkg-config"
version = "0.3.27"
source = "registry+https://github.com/rust-lang/crates.io-index"
checksum = "26072860ba924cbfa98ea39c8c19b4dd6a4a25423dbdf219c1eca91aa0cf6964"

[[package]]
name = "proc-macro-crate"
version = "1.3.1"
source = "registry+https://github.com/rust-lang/crates.io-index"
checksum = "7f4c021e1093a56626774e81216a4ce732a735e5bad4868a03f3ed65ca0c3919"
dependencies = [
 "once_cell",
 "toml_edit",
]

[[package]]
name = "proc-macro-error"
version = "1.0.4"
source = "registry+https://github.com/rust-lang/crates.io-index"
checksum = "da25490ff9892aab3fcf7c36f08cfb902dd3e71ca0f9f9517bea02a73a5ce38c"
dependencies = [
 "proc-macro-error-attr",
 "proc-macro2",
 "quote",
 "syn 1.0.109",
 "version_check",
]

[[package]]
name = "proc-macro-error-attr"
version = "1.0.4"
source = "registry+https://github.com/rust-lang/crates.io-index"
checksum = "a1be40180e52ecc98ad80b184934baf3d0d29f979574e439af5a55274b35f869"
dependencies = [
 "proc-macro2",
 "quote",
 "version_check",
]

[[package]]
name = "proc-macro2"
version = "1.0.59"
source = "registry+https://github.com/rust-lang/crates.io-index"
checksum = "6aeca18b86b413c660b781aa319e4e2648a3e6f9eadc9b47e9038e6fe9f3451b"
dependencies = [
 "unicode-ident",
]

[[package]]
name = "quick-xml"
version = "0.27.1"
source = "registry+https://github.com/rust-lang/crates.io-index"
checksum = "ffc053f057dd768a56f62cd7e434c42c831d296968997e9ac1f76ea7c2d14c41"
dependencies = [
 "memchr",
 "serde",
]

[[package]]
name = "quote"
version = "1.0.28"
source = "registry+https://github.com/rust-lang/crates.io-index"
checksum = "1b9ab9c7eadfd8df19006f1cf1a4aed13540ed5cbc047010ece5826e10825488"
dependencies = [
 "proc-macro2",
]

[[package]]
name = "relm4"
version = "0.6.0"
source = "registry+https://github.com/rust-lang/crates.io-index"
checksum = "c80ef6bb7a142b6aaa01b96961c33127fffcda4741eb0ad82f07e18c9186681d"
dependencies = [
 "async-trait",
 "flume",
 "fragile",
 "futures",
 "gtk4",
 "libadwaita",
 "once_cell",
 "relm4-macros",
 "tokio",
 "tracing",
]

[[package]]
name = "relm4-icons"
version = "0.6.0"
source = "registry+https://github.com/rust-lang/crates.io-index"
checksum = "6e28bcc718a587bcfa31b034e0b8f4efe5b70e945b7de9d7d154b45357a0dadc"
dependencies = [
 "gtk4",
 "gvdb",
]

[[package]]
name = "relm4-macros"
version = "0.6.0"
source = "registry+https://github.com/rust-lang/crates.io-index"
checksum = "848a6e1b4954b7aa8155d4a234516d46ed543a614666adc1ea73a922bc841e2a"
dependencies = [
 "proc-macro2",
 "quote",
 "syn 2.0.18",
]

[[package]]
name = "rustc_version"
version = "0.4.0"
source = "registry+https://github.com/rust-lang/crates.io-index"
checksum = "bfa0f585226d2e68097d4f95d113b15b83a82e819ab25717ec0590d9584ef366"
dependencies = [
 "semver",
]

[[package]]
name = "ryu"
version = "1.0.13"
source = "registry+https://github.com/rust-lang/crates.io-index"
checksum = "f91339c0467de62360649f8d3e185ca8de4224ff281f66000de5eb2a77a79041"

[[package]]
name = "safe-transmute"
version = "0.11.2"
source = "registry+https://github.com/rust-lang/crates.io-index"
checksum = "98a01dab6acf992653be49205bdd549f32f17cb2803e8eacf1560bf97259aae8"

[[package]]
name = "same-file"
version = "1.0.6"
source = "registry+https://github.com/rust-lang/crates.io-index"
checksum = "93fc1dc3aaa9bfed95e02e6eadabb4baf7e3078b0bd1b4d7b6b0b68378900502"
dependencies = [
 "winapi-util",
]

[[package]]
name = "scopeguard"
version = "1.1.0"
source = "registry+https://github.com/rust-lang/crates.io-index"
checksum = "d29ab0c6d3fc0ee92fe66e2d99f700eab17a8d57d1c1d3b748380fb20baa78cd"

[[package]]
name = "semver"
version = "1.0.17"
source = "registry+https://github.com/rust-lang/crates.io-index"
checksum = "bebd363326d05ec3e2f532ab7660680f3b02130d780c299bca73469d521bc0ed"

[[package]]
name = "serde"
version = "1.0.163"
source = "registry+https://github.com/rust-lang/crates.io-index"
checksum = "2113ab51b87a539ae008b5c6c02dc020ffa39afd2d83cffcb3f4eb2722cebec2"
dependencies = [
 "serde_derive",
]

[[package]]
name = "serde_derive"
version = "1.0.163"
source = "registry+https://github.com/rust-lang/crates.io-index"
checksum = "8c805777e3930c8883389c602315a24224bcc738b63905ef87cd1420353ea93e"
dependencies = [
 "proc-macro2",
 "quote",
 "syn 2.0.18",
]

[[package]]
name = "serde_json"
version = "1.0.96"
source = "registry+https://github.com/rust-lang/crates.io-index"
checksum = "057d394a50403bcac12672b2b18fb387ab6d289d957dab67dd201875391e52f1"
dependencies = [
 "itoa",
 "ryu",
 "serde",
]

[[package]]
name = "serde_spanned"
version = "0.6.2"
source = "registry+https://github.com/rust-lang/crates.io-index"
checksum = "93107647184f6027e3b7dcb2e11034cf95ffa1e3a682c67951963ac69c1c007d"
dependencies = [
 "serde",
]

[[package]]
name = "slab"
version = "0.4.8"
source = "registry+https://github.com/rust-lang/crates.io-index"
checksum = "6528351c9bc8ab22353f9d776db39a20288e8d6c37ef8cfe3317cf875eecfc2d"
dependencies = [
 "autocfg",
]

[[package]]
name = "smallvec"
version = "1.10.0"
source = "registry+https://github.com/rust-lang/crates.io-index"
checksum = "a507befe795404456341dfab10cef66ead4c041f62b8b11bbb92bffe5d0953e0"

[[package]]
name = "spin"
version = "0.9.8"
source = "registry+https://github.com/rust-lang/crates.io-index"
checksum = "6980e8d7511241f8acf4aebddbb1ff938df5eebe98691418c4468d0b72a96a67"
dependencies = [
 "lock_api",
]

[[package]]
name = "static_assertions"
version = "1.1.0"
source = "registry+https://github.com/rust-lang/crates.io-index"
checksum = "a2eb9349b6444b326872e140eb1cf5e7c522154d69e7a0ffb0fb81c06b37543f"

[[package]]
name = "syn"
version = "1.0.109"
source = "registry+https://github.com/rust-lang/crates.io-index"
checksum = "72b64191b275b66ffe2469e8af2c1cfe3bafa67b529ead792a6d0160888b4237"
dependencies = [
 "proc-macro2",
 "quote",
 "unicode-ident",
]

[[package]]
name = "syn"
version = "2.0.18"
source = "registry+https://github.com/rust-lang/crates.io-index"
checksum = "32d41677bcbe24c20c52e7c70b0d8db04134c5d1066bf98662e2871ad200ea3e"
dependencies = [
 "proc-macro2",
 "quote",
 "unicode-ident",
]

[[package]]
name = "system-deps"
version = "6.1.0"
source = "registry+https://github.com/rust-lang/crates.io-index"
checksum = "e5fa6fb9ee296c0dc2df41a656ca7948546d061958115ddb0bcaae43ad0d17d2"
dependencies = [
 "cfg-expr",
 "heck",
 "pkg-config",
 "toml",
 "version-compare",
]

[[package]]
name = "target-lexicon"
version = "0.12.7"
source = "registry+https://github.com/rust-lang/crates.io-index"
checksum = "fd1ba337640d60c3e96bc6f0638a939b9c9a7f2c316a1598c279828b3d1dc8c5"

[[package]]
name = "thiserror"
version = "1.0.40"
source = "registry+https://github.com/rust-lang/crates.io-index"
checksum = "978c9a314bd8dc99be594bc3c175faaa9794be04a5a5e153caba6915336cebac"
dependencies = [
 "thiserror-impl",
]

[[package]]
name = "thiserror-impl"
version = "1.0.40"
source = "registry+https://github.com/rust-lang/crates.io-index"
checksum = "f9456a42c5b0d803c8cd86e73dd7cc9edd429499f37a3550d286d5e86720569f"
dependencies = [
 "proc-macro2",
 "quote",
 "syn 2.0.18",
]

[[package]]
name = "tokio"
version = "1.28.2"
source = "registry+https://github.com/rust-lang/crates.io-index"
checksum = "94d7b1cfd2aa4011f2de74c2c4c63665e27a71006b0a192dcd2710272e73dfa2"
dependencies = [
 "autocfg",
 "num_cpus",
 "pin-project-lite",
 "windows-sys",
]

[[package]]
name = "toml"
version = "0.7.4"
source = "registry+https://github.com/rust-lang/crates.io-index"
checksum = "d6135d499e69981f9ff0ef2167955a5333c35e36f6937d382974566b3d5b94ec"
dependencies = [
 "serde",
 "serde_spanned",
 "toml_datetime",
 "toml_edit",
]

[[package]]
name = "toml_datetime"
version = "0.6.2"
source = "registry+https://github.com/rust-lang/crates.io-index"
checksum = "5a76a9312f5ba4c2dec6b9161fdf25d87ad8a09256ccea5a556fef03c706a10f"
dependencies = [
 "serde",
]

[[package]]
name = "toml_edit"
version = "0.19.10"
source = "registry+https://github.com/rust-lang/crates.io-index"
checksum = "2380d56e8670370eee6566b0bfd4265f65b3f432e8c6d85623f728d4fa31f739"
dependencies = [
 "indexmap",
 "serde",
 "serde_spanned",
 "toml_datetime",
 "winnow",
]

[[package]]
name = "tracing"
version = "0.1.37"
source = "registry+https://github.com/rust-lang/crates.io-index"
checksum = "8ce8c33a8d48bd45d624a6e523445fd21ec13d3653cd51f681abf67418f54eb8"
dependencies = [
 "cfg-if",
 "pin-project-lite",
 "tracing-attributes",
 "tracing-core",
]

[[package]]
name = "tracing-attributes"
version = "0.1.24"
source = "registry+https://github.com/rust-lang/crates.io-index"
checksum = "0f57e3ca2a01450b1a921183a9c9cbfda207fd822cef4ccb00a65402cbba7a74"
dependencies = [
 "proc-macro2",
 "quote",
 "syn 2.0.18",
]

[[package]]
name = "tracing-core"
version = "0.1.31"
source = "registry+https://github.com/rust-lang/crates.io-index"
checksum = "0955b8137a1df6f1a2e9a37d8a6656291ff0297c1a97c24e0d8425fe2312f79a"
dependencies = [
 "once_cell",
]

[[package]]
name = "unicode-ident"
version = "1.0.9"
source = "registry+https://github.com/rust-lang/crates.io-index"
checksum = "b15811caf2415fb889178633e7724bad2509101cde276048e013b9def5e51fa0"

[[package]]
name = "version-compare"
version = "0.1.1"
source = "registry+https://github.com/rust-lang/crates.io-index"
checksum = "579a42fc0b8e0c63b76519a339be31bed574929511fa53c1a3acae26eb258f29"

[[package]]
name = "version_check"
version = "0.9.4"
source = "registry+https://github.com/rust-lang/crates.io-index"
checksum = "49874b5167b65d7193b8aba1567f5c7d93d001cafc34600cee003eda787e483f"

[[package]]
name = "walkdir"
version = "2.3.3"
source = "registry+https://github.com/rust-lang/crates.io-index"
checksum = "36df944cda56c7d8d8b7496af378e6b16de9284591917d307c9b4d313c44e698"
dependencies = [
 "same-file",
 "winapi-util",
]

[[package]]
name = "wasi"
version = "0.11.0+wasi-snapshot-preview1"
source = "registry+https://github.com/rust-lang/crates.io-index"
checksum = "9c8d87e72b64a3b4db28d11ce29237c246188f4f51057d65a7eab63b7987e423"

[[package]]
name = "wasm-bindgen"
version = "0.2.86"
source = "registry+https://github.com/rust-lang/crates.io-index"
checksum = "5bba0e8cb82ba49ff4e229459ff22a191bbe9a1cb3a341610c9c33efc27ddf73"
dependencies = [
 "cfg-if",
 "wasm-bindgen-macro",
]

[[package]]
name = "wasm-bindgen-backend"
version = "0.2.86"
source = "registry+https://github.com/rust-lang/crates.io-index"
checksum = "19b04bc93f9d6bdee709f6bd2118f57dd6679cf1176a1af464fca3ab0d66d8fb"
dependencies = [
 "bumpalo",
 "log",
 "once_cell",
 "proc-macro2",
 "quote",
 "syn 2.0.18",
 "wasm-bindgen-shared",
]

[[package]]
name = "wasm-bindgen-macro"
version = "0.2.86"
source = "registry+https://github.com/rust-lang/crates.io-index"
checksum = "14d6b024f1a526bb0234f52840389927257beb670610081360e5a03c5df9c258"
dependencies = [
 "quote",
 "wasm-bindgen-macro-support",
]

[[package]]
name = "wasm-bindgen-macro-support"
version = "0.2.86"
source = "registry+https://github.com/rust-lang/crates.io-index"
checksum = "e128beba882dd1eb6200e1dc92ae6c5dbaa4311aa7bb211ca035779e5efc39f8"
dependencies = [
 "proc-macro2",
 "quote",
 "syn 2.0.18",
 "wasm-bindgen-backend",
 "wasm-bindgen-shared",
]

[[package]]
name = "wasm-bindgen-shared"
version = "0.2.86"
source = "registry+https://github.com/rust-lang/crates.io-index"
checksum = "ed9d5b4305409d1fc9482fee2d7f9bcbf24b3972bf59817ef757e23982242a93"

[[package]]
name = "winapi"
version = "0.3.9"
source = "registry+https://github.com/rust-lang/crates.io-index"
checksum = "5c839a674fcd7a98952e593242ea400abe93992746761e38641405d28b00f419"
dependencies = [
 "winapi-i686-pc-windows-gnu",
 "winapi-x86_64-pc-windows-gnu",
]

[[package]]
name = "winapi-i686-pc-windows-gnu"
version = "0.4.0"
source = "registry+https://github.com/rust-lang/crates.io-index"
checksum = "ac3b87c63620426dd9b991e5ce0329eff545bccbbb34f3be09ff6fb6ab51b7b6"

[[package]]
name = "winapi-util"
version = "0.1.5"
source = "registry+https://github.com/rust-lang/crates.io-index"
checksum = "70ec6ce85bb158151cae5e5c87f95a8e97d2c0c4b001223f33a334e3ce5de178"
dependencies = [
 "winapi",
]

[[package]]
name = "winapi-x86_64-pc-windows-gnu"
version = "0.4.0"
source = "registry+https://github.com/rust-lang/crates.io-index"
checksum = "712e227841d057c1ee1cd2fb22fa7e5a5461ae8e48fa2ca79ec42cfc1931183f"

[[package]]
name = "windows-sys"
version = "0.48.0"
source = "registry+https://github.com/rust-lang/crates.io-index"
checksum = "677d2418bec65e3338edb076e806bc1ec15693c5d0104683f2efe857f61056a9"
dependencies = [
 "windows-targets",
]

[[package]]
name = "windows-targets"
version = "0.48.0"
source = "registry+https://github.com/rust-lang/crates.io-index"
checksum = "7b1eb6f0cd7c80c79759c929114ef071b87354ce476d9d94271031c0497adfd5"
dependencies = [
 "windows_aarch64_gnullvm",
 "windows_aarch64_msvc",
 "windows_i686_gnu",
 "windows_i686_msvc",
 "windows_x86_64_gnu",
 "windows_x86_64_gnullvm",
 "windows_x86_64_msvc",
]

[[package]]
name = "windows_aarch64_gnullvm"
version = "0.48.0"
source = "registry+https://github.com/rust-lang/crates.io-index"
checksum = "91ae572e1b79dba883e0d315474df7305d12f569b400fcf90581b06062f7e1bc"

[[package]]
name = "windows_aarch64_msvc"
version = "0.48.0"
source = "registry+https://github.com/rust-lang/crates.io-index"
checksum = "b2ef27e0d7bdfcfc7b868b317c1d32c641a6fe4629c171b8928c7b08d98d7cf3"

[[package]]
name = "windows_i686_gnu"
version = "0.48.0"
source = "registry+https://github.com/rust-lang/crates.io-index"
checksum = "622a1962a7db830d6fd0a69683c80a18fda201879f0f447f065a3b7467daa241"

[[package]]
name = "windows_i686_msvc"
version = "0.48.0"
source = "registry+https://github.com/rust-lang/crates.io-index"
checksum = "4542c6e364ce21bf45d69fdd2a8e455fa38d316158cfd43b3ac1c5b1b19f8e00"

[[package]]
name = "windows_x86_64_gnu"
version = "0.48.0"
source = "registry+https://github.com/rust-lang/crates.io-index"
checksum = "ca2b8a661f7628cbd23440e50b05d705db3686f894fc9580820623656af974b1"

[[package]]
name = "windows_x86_64_gnullvm"
version = "0.48.0"
source = "registry+https://github.com/rust-lang/crates.io-index"
checksum = "7896dbc1f41e08872e9d5e8f8baa8fdd2677f29468c4e156210174edc7f7b953"

[[package]]
name = "windows_x86_64_msvc"
version = "0.48.0"
source = "registry+https://github.com/rust-lang/crates.io-index"
checksum = "1a515f5799fe4961cb532f983ce2b23082366b898e52ffbce459c86f67c8378a"

[[package]]
name = "winnow"
version = "0.4.6"
source = "registry+https://github.com/rust-lang/crates.io-index"
checksum = "61de7bac303dc551fe038e2b3cef0f571087a47571ea6e79a87692ac99b99699"
dependencies = [
 "memchr",
]

[[package]]
name = "zvariant"
version = "3.14.0"
source = "registry+https://github.com/rust-lang/crates.io-index"
checksum = "622cc473f10cef1b0d73b7b34a266be30ebdcfaea40ec297dd8cbda088f9f93c"
dependencies = [
 "byteorder",
 "libc",
 "serde",
 "static_assertions",
 "zvariant_derive",
]

[[package]]
name = "zvariant_derive"
version = "3.14.0"
source = "registry+https://github.com/rust-lang/crates.io-index"
checksum = "5d9c1b57352c25b778257c661f3c4744b7cefb7fc09dd46909a153cce7773da2"
dependencies = [
 "proc-macro-crate",
 "proc-macro2",
 "quote",
 "syn 1.0.109",
 "zvariant_utils",
]

[[package]]
name = "zvariant_utils"
version = "1.0.1"
source = "registry+https://github.com/rust-lang/crates.io-index"
checksum = "7234f0d811589db492d16893e3f21e8e2fd282e6d01b0cddee310322062cc200"
dependencies = [
 "proc-macro2",
 "quote",
 "syn 1.0.109",
]
